
Microsoft Visual Studio Solution File, Format Version 12.00
# Visual Studio Version 17
VisualStudioVersion = 17.5.002.0
MinimumVisualStudioVersion = 10.0.40219.1
Project("{9A19103F-16F7-4668-BE54-9A1E7A4F7556}") = "Portfolio Assignment 2 - Exam Unit 2", "Portfolio Assignment 2 - Exam Unit 2.csproj", "{1E8DC3E9-D12F-49D0-A771-46154A1A61A3}"
EndProject
Global
	GlobalSection(SolutionConfigurationPlatforms) = preSolution
		Debug|Any CPU = Debug|Any CPU
		Release|Any CPU = Release|Any CPU
	EndGlobalSection
	GlobalSection(ProjectConfigurationPlatforms) = postSolution
		{1E8DC3E9-D12F-49D0-A771-46154A1A61A3}.Debug|Any CPU.ActiveCfg = Debug|Any CPU
		{1E8DC3E9-D12F-49D0-A771-46154A1A61A3}.Debug|Any CPU.Build.0 = Debug|Any CPU
		{1E8DC3E9-D12F-49D0-A771-46154A1A61A3}.Release|Any CPU.ActiveCfg = Release|Any CPU
		{1E8DC3E9-D12F-49D0-A771-46154A1A61A3}.Release|Any CPU.Build.0 = Release|Any CPU
	EndGlobalSection
	GlobalSection(SolutionProperties) = preSolution
		HideSolutionNode = FALSE
	EndGlobalSection
	GlobalSection(ExtensibilityGlobals) = postSolution
		SolutionGuid = {1892EDE0-6FCE-48FC-B17E-0D46AA4B684F}
	EndGlobalSection
EndGlobal
